// !$*UTF8*$!
{
	archiveVersion = 1;
	classes = {
	};
	objectVersion = 56;
	objects = {

/* Begin PBXBuildFile section */
		484BEEFD2AB0F5750033C07A /* Specialist.swift in Sources */ = {isa = PBXBuildFile; fileRef = 484BEEFC2AB0F5750033C07A /* Specialist.swift */; };
		484BEEFF2AB0F59D0033C07A /* WebService.swift in Sources */ = {isa = PBXBuildFile; fileRef = 484BEEFE2AB0F59D0033C07A /* WebService.swift */; };
		484BEF012AB0F6090033C07A /* ButtonView.swift in Sources */ = {isa = PBXBuildFile; fileRef = 484BEF002AB0F6090033C07A /* ButtonView.swift */; };
		484BEF032AB0F7080033C07A /* SpecialistCardView.swift in Sources */ = {isa = PBXBuildFile; fileRef = 484BEF022AB0F7080033C07A /* SpecialistCardView.swift */; };
		484BEF052AB0F7970033C07A /* HomeView.swift in Sources */ = {isa = PBXBuildFile; fileRef = 484BEF042AB0F7970033C07A /* HomeView.swift */; };
		48539DED2AB0F47C005BD7C9 /* VollmedApp.swift in Sources */ = {isa = PBXBuildFile; fileRef = 48539DEC2AB0F47C005BD7C9 /* VollmedApp.swift */; };
		48539DEF2AB0F47C005BD7C9 /* ContentView.swift in Sources */ = {isa = PBXBuildFile; fileRef = 48539DEE2AB0F47C005BD7C9 /* ContentView.swift */; };
		48539DF12AB0F47D005BD7C9 /* Assets.xcassets in Resources */ = {isa = PBXBuildFile; fileRef = 48539DF02AB0F47D005BD7C9 /* Assets.xcassets */; };
		48539DF42AB0F47D005BD7C9 /* Preview Assets.xcassets in Resources */ = {isa = PBXBuildFile; fileRef = 48539DF32AB0F47D005BD7C9 /* Preview Assets.xcassets */; };
		D446061B2CBEAAC700D87081 /* KeychainHelper.swift in Sources */ = {isa = PBXBuildFile; fileRef = D446061A2CBEAAC700D87081 /* KeychainHelper.swift */; };
		D446061E2CBEE01900D87081 /* AuthenticationManager.swift in Sources */ = {isa = PBXBuildFile; fileRef = D446061D2CBEE01900D87081 /* AuthenticationManager.swift */; };
		D482A19B2CD94DDD00FF09B0 /* HomeNetworkingService.swift in Sources */ = {isa = PBXBuildFile; fileRef = D482A19A2CD94DDD00FF09B0 /* HomeNetworkingService.swift */; };
		D482A19D2CD9539100FF09B0 /* AutenticationEndpoint.swift in Sources */ = {isa = PBXBuildFile; fileRef = D482A19C2CD9539100FF09B0 /* AutenticationEndpoint.swift */; };
		D482A19F2CD9572800FF09B0 /* AuthenticationNetworkingService.swift in Sources */ = {isa = PBXBuildFile; fileRef = D482A19E2CD9572800FF09B0 /* AuthenticationNetworkingService.swift */; };
		D482A1A12CE6785600FF09B0 /* SignInViewModel.swift in Sources */ = {isa = PBXBuildFile; fileRef = D482A1A02CE6785600FF09B0 /* SignInViewModel.swift */; };
		D482A1A32CE699C300FF09B0 /* SignUpViewModel.swift in Sources */ = {isa = PBXBuildFile; fileRef = D482A1A22CE699C300FF09B0 /* SignUpViewModel.swift */; };
		D482A1A52CE69FE700FF09B0 /* SignUpNetworkingService.swift in Sources */ = {isa = PBXBuildFile; fileRef = D482A1A42CE69FE700FF09B0 /* SignUpNetworkingService.swift */; };
		D482A1A72CE6A05400FF09B0 /* SignUpEndpoint.swift in Sources */ = {isa = PBXBuildFile; fileRef = D482A1A62CE6A05400FF09B0 /* SignUpEndpoint.swift */; };
		D48904652CB86756008EDE6F /* Patient.swift in Sources */ = {isa = PBXBuildFile; fileRef = D48904642CB86756008EDE6F /* Patient.swift */; };
		D48904672CB96022008EDE6F /* Login.swift in Sources */ = {isa = PBXBuildFile; fileRef = D48904662CB96022008EDE6F /* Login.swift */; };
		D489046A2CB99242008EDE6F /* UserDefaultsHelper.swift in Sources */ = {isa = PBXBuildFile; fileRef = D48904692CB99242008EDE6F /* UserDefaultsHelper.swift */; };
		D495F9632CB46A960034B229 /* ScheduleAppointmentView.swift in Sources */ = {isa = PBXBuildFile; fileRef = D495F9622CB46A960034B229 /* ScheduleAppointmentView.swift */; };
		D495F9662CB477550034B229 /* Date+.swift in Sources */ = {isa = PBXBuildFile; fileRef = D495F9652CB477550034B229 /* Date+.swift */; };
		D495F9682CB47A150034B229 /* String+.swift in Sources */ = {isa = PBXBuildFile; fileRef = D495F9672CB47A150034B229 /* String+.swift */; };
		D495F96A2CB47FA80034B229 /* ScheduleAppointment.swift in Sources */ = {isa = PBXBuildFile; fileRef = D495F9692CB47FA80034B229 /* ScheduleAppointment.swift */; };
		D495F96C2CB56DF20034B229 /* MyAppointmentsView.swift in Sources */ = {isa = PBXBuildFile; fileRef = D495F96B2CB56DF20034B229 /* MyAppointmentsView.swift */; };
		D495F96E2CB5AC010034B229 /* Appointment.swift in Sources */ = {isa = PBXBuildFile; fileRef = D495F96D2CB5AC010034B229 /* Appointment.swift */; };
		D495F9702CB5AFB30034B229 /* MyAppointmentCardView.swift in Sources */ = {isa = PBXBuildFile; fileRef = D495F96F2CB5AFB30034B229 /* MyAppointmentCardView.swift */; };
		D495F9722CB5C1BD0034B229 /* CancelAppointmentView.swift in Sources */ = {isa = PBXBuildFile; fileRef = D495F9712CB5C1BD0034B229 /* CancelAppointmentView.swift */; };
		D495F9742CB6E7220034B229 /* SignInView.swift in Sources */ = {isa = PBXBuildFile; fileRef = D495F9732CB6E7220034B229 /* SignInView.swift */; };
		D495F9762CB6EBAA0034B229 /* SignUpView.swift in Sources */ = {isa = PBXBuildFile; fileRef = D495F9752CB6EBAA0034B229 /* SignUpView.swift */; };
		D495F9782CB83B400034B229 /* LabelAndTextFieldView.swift in Sources */ = {isa = PBXBuildFile; fileRef = D495F9772CB83B400034B229 /* LabelAndTextFieldView.swift */; };
		D4A266872CC6C2E70075E9B9 /* HomeViewModel.swift in Sources */ = {isa = PBXBuildFile; fileRef = D4A266862CC6C2E70075E9B9 /* HomeViewModel.swift */; };
		D4A2668D2CD179FE0075E9B9 /* Enpoint.swift in Sources */ = {isa = PBXBuildFile; fileRef = D4A2668C2CD179FE0075E9B9 /* Enpoint.swift */; };
		D4A2668F2CD17B880075E9B9 /* RequestMethod.swift in Sources */ = {isa = PBXBuildFile; fileRef = D4A2668E2CD17B880075E9B9 /* RequestMethod.swift */; };
		D4A266912CD17CCA0075E9B9 /* RequestError.swift in Sources */ = {isa = PBXBuildFile; fileRef = D4A266902CD17CCA0075E9B9 /* RequestError.swift */; };
		D4A266932CD17E4C0075E9B9 /* HttpClient.swift in Sources */ = {isa = PBXBuildFile; fileRef = D4A266922CD17E4C0075E9B9 /* HttpClient.swift */; };
		D4A266952CD18CF10075E9B9 /* HomeEndpoint.swift in Sources */ = {isa = PBXBuildFile; fileRef = D4A266942CD18CF10075E9B9 /* HomeEndpoint.swift */; };
		D4A266972CD193B30075E9B9 /* ScheduleAppointmentViewModel.swift in Sources */ = {isa = PBXBuildFile; fileRef = D4A266962CD193B30075E9B9 /* ScheduleAppointmentViewModel.swift */; };
/* End PBXBuildFile section */

/* Begin PBXFileReference section */
		484BEEFC2AB0F5750033C07A /* Specialist.swift */ = {isa = PBXFileReference; lastKnownFileType = sourcecode.swift; path = Specialist.swift; sourceTree = "<group>"; };
		484BEEFE2AB0F59D0033C07A /* WebService.swift */ = {isa = PBXFileReference; lastKnownFileType = sourcecode.swift; path = WebService.swift; sourceTree = "<group>"; };
		484BEF002AB0F6090033C07A /* ButtonView.swift */ = {isa = PBXFileReference; lastKnownFileType = sourcecode.swift; path = ButtonView.swift; sourceTree = "<group>"; };
		484BEF022AB0F7080033C07A /* SpecialistCardView.swift */ = {isa = PBXFileReference; lastKnownFileType = sourcecode.swift; path = SpecialistCardView.swift; sourceTree = "<group>"; };
		484BEF042AB0F7970033C07A /* HomeView.swift */ = {isa = PBXFileReference; lastKnownFileType = sourcecode.swift; path = HomeView.swift; sourceTree = "<group>"; };
		48539DE92AB0F47C005BD7C9 /* Vollmed.app */ = {isa = PBXFileReference; explicitFileType = wrapper.application; includeInIndex = 0; path = Vollmed.app; sourceTree = BUILT_PRODUCTS_DIR; };
		48539DEC2AB0F47C005BD7C9 /* VollmedApp.swift */ = {isa = PBXFileReference; lastKnownFileType = sourcecode.swift; path = VollmedApp.swift; sourceTree = "<group>"; };
		48539DEE2AB0F47C005BD7C9 /* ContentView.swift */ = {isa = PBXFileReference; lastKnownFileType = sourcecode.swift; path = ContentView.swift; sourceTree = "<group>"; };
		48539DF02AB0F47D005BD7C9 /* Assets.xcassets */ = {isa = PBXFileReference; lastKnownFileType = folder.assetcatalog; path = Assets.xcassets; sourceTree = "<group>"; };
		48539DF32AB0F47D005BD7C9 /* Preview Assets.xcassets */ = {isa = PBXFileReference; lastKnownFileType = folder.assetcatalog; path = "Preview Assets.xcassets"; sourceTree = "<group>"; };
		D446061A2CBEAAC700D87081 /* KeychainHelper.swift */ = {isa = PBXFileReference; lastKnownFileType = sourcecode.swift; path = KeychainHelper.swift; sourceTree = "<group>"; };
		D446061D2CBEE01900D87081 /* AuthenticationManager.swift */ = {isa = PBXFileReference; lastKnownFileType = sourcecode.swift; path = AuthenticationManager.swift; sourceTree = "<group>"; };
		D482A19A2CD94DDD00FF09B0 /* HomeNetworkingService.swift */ = {isa = PBXFileReference; lastKnownFileType = sourcecode.swift; path = HomeNetworkingService.swift; sourceTree = "<group>"; };
		D482A19C2CD9539100FF09B0 /* AutenticationEndpoint.swift */ = {isa = PBXFileReference; lastKnownFileType = sourcecode.swift; path = AutenticationEndpoint.swift; sourceTree = "<group>"; };
		D482A19E2CD9572800FF09B0 /* AuthenticationNetworkingService.swift */ = {isa = PBXFileReference; lastKnownFileType = sourcecode.swift; path = AuthenticationNetworkingService.swift; sourceTree = "<group>"; };
		D482A1A02CE6785600FF09B0 /* SignInViewModel.swift */ = {isa = PBXFileReference; lastKnownFileType = sourcecode.swift; path = SignInViewModel.swift; sourceTree = "<group>"; };
		D482A1A22CE699C300FF09B0 /* SignUpViewModel.swift */ = {isa = PBXFileReference; lastKnownFileType = sourcecode.swift; path = SignUpViewModel.swift; sourceTree = "<group>"; };
		D482A1A42CE69FE700FF09B0 /* SignUpNetworkingService.swift */ = {isa = PBXFileReference; lastKnownFileType = sourcecode.swift; path = SignUpNetworkingService.swift; sourceTree = "<group>"; };
		D482A1A62CE6A05400FF09B0 /* SignUpEndpoint.swift */ = {isa = PBXFileReference; lastKnownFileType = sourcecode.swift; path = SignUpEndpoint.swift; sourceTree = "<group>"; };
		D48904642CB86756008EDE6F /* Patient.swift */ = {isa = PBXFileReference; lastKnownFileType = sourcecode.swift; path = Patient.swift; sourceTree = "<group>"; };
		D48904662CB96022008EDE6F /* Login.swift */ = {isa = PBXFileReference; lastKnownFileType = sourcecode.swift; path = Login.swift; sourceTree = "<group>"; };
		D48904692CB99242008EDE6F /* UserDefaultsHelper.swift */ = {isa = PBXFileReference; lastKnownFileType = sourcecode.swift; path = UserDefaultsHelper.swift; sourceTree = "<group>"; };
		D495F9622CB46A960034B229 /* ScheduleAppointmentView.swift */ = {isa = PBXFileReference; lastKnownFileType = sourcecode.swift; path = ScheduleAppointmentView.swift; sourceTree = "<group>"; };
		D495F9652CB477550034B229 /* Date+.swift */ = {isa = PBXFileReference; lastKnownFileType = sourcecode.swift; path = "Date+.swift"; sourceTree = "<group>"; };
		D495F9672CB47A150034B229 /* String+.swift */ = {isa = PBXFileReference; lastKnownFileType = sourcecode.swift; path = "String+.swift"; sourceTree = "<group>"; };
		D495F9692CB47FA80034B229 /* ScheduleAppointment.swift */ = {isa = PBXFileReference; lastKnownFileType = sourcecode.swift; path = ScheduleAppointment.swift; sourceTree = "<group>"; };
		D495F96B2CB56DF20034B229 /* MyAppointmentsView.swift */ = {isa = PBXFileReference; lastKnownFileType = sourcecode.swift; path = MyAppointmentsView.swift; sourceTree = "<group>"; };
		D495F96D2CB5AC010034B229 /* Appointment.swift */ = {isa = PBXFileReference; lastKnownFileType = sourcecode.swift; path = Appointment.swift; sourceTree = "<group>"; };
		D495F96F2CB5AFB30034B229 /* MyAppointmentCardView.swift */ = {isa = PBXFileReference; lastKnownFileType = sourcecode.swift; path = MyAppointmentCardView.swift; sourceTree = "<group>"; };
		D495F9712CB5C1BD0034B229 /* CancelAppointmentView.swift */ = {isa = PBXFileReference; lastKnownFileType = sourcecode.swift; path = CancelAppointmentView.swift; sourceTree = "<group>"; };
		D495F9732CB6E7220034B229 /* SignInView.swift */ = {isa = PBXFileReference; lastKnownFileType = sourcecode.swift; path = SignInView.swift; sourceTree = "<group>"; };
		D495F9752CB6EBAA0034B229 /* SignUpView.swift */ = {isa = PBXFileReference; lastKnownFileType = sourcecode.swift; path = SignUpView.swift; sourceTree = "<group>"; };
		D495F9772CB83B400034B229 /* LabelAndTextFieldView.swift */ = {isa = PBXFileReference; lastKnownFileType = sourcecode.swift; path = LabelAndTextFieldView.swift; sourceTree = "<group>"; };
		D4A266862CC6C2E70075E9B9 /* HomeViewModel.swift */ = {isa = PBXFileReference; lastKnownFileType = sourcecode.swift; path = HomeViewModel.swift; sourceTree = "<group>"; };
		D4A2668C2CD179FE0075E9B9 /* Enpoint.swift */ = {isa = PBXFileReference; lastKnownFileType = sourcecode.swift; path = Enpoint.swift; sourceTree = "<group>"; };
		D4A2668E2CD17B880075E9B9 /* RequestMethod.swift */ = {isa = PBXFileReference; lastKnownFileType = sourcecode.swift; path = RequestMethod.swift; sourceTree = "<group>"; };
		D4A266902CD17CCA0075E9B9 /* RequestError.swift */ = {isa = PBXFileReference; lastKnownFileType = sourcecode.swift; path = RequestError.swift; sourceTree = "<group>"; };
		D4A266922CD17E4C0075E9B9 /* HttpClient.swift */ = {isa = PBXFileReference; lastKnownFileType = sourcecode.swift; path = HttpClient.swift; sourceTree = "<group>"; };
		D4A266942CD18CF10075E9B9 /* HomeEndpoint.swift */ = {isa = PBXFileReference; lastKnownFileType = sourcecode.swift; path = HomeEndpoint.swift; sourceTree = "<group>"; };
		D4A266962CD193B30075E9B9 /* ScheduleAppointmentViewModel.swift */ = {isa = PBXFileReference; lastKnownFileType = sourcecode.swift; path = ScheduleAppointmentViewModel.swift; sourceTree = "<group>"; };
/* End PBXFileReference section */

/* Begin PBXFrameworksBuildPhase section */
		48539DE62AB0F47C005BD7C9 /* Frameworks */ = {
			isa = PBXFrameworksBuildPhase;
			buildActionMask = 2147483647;
			files = (
			);
			runOnlyForDeploymentPostprocessing = 0;
		};
/* End PBXFrameworksBuildPhase section */

/* Begin PBXGroup section */
		484BEEF82AB0F55F0033C07A /* Views */ = {
			isa = PBXGroup;
			children = (
				484BEEF92AB0F5630033C07A /* Components */,
				484BEF042AB0F7970033C07A /* HomeView.swift */,
				D495F9622CB46A960034B229 /* ScheduleAppointmentView.swift */,
				D495F96B2CB56DF20034B229 /* MyAppointmentsView.swift */,
				D495F9712CB5C1BD0034B229 /* CancelAppointmentView.swift */,
				D495F9732CB6E7220034B229 /* SignInView.swift */,
				D495F9752CB6EBAA0034B229 /* SignUpView.swift */,
			);
			path = Views;
			sourceTree = "<group>";
		};
		484BEEF92AB0F5630033C07A /* Components */ = {
			isa = PBXGroup;
			children = (
				484BEF002AB0F6090033C07A /* ButtonView.swift */,
				484BEF022AB0F7080033C07A /* SpecialistCardView.swift */,
				D495F96F2CB5AFB30034B229 /* MyAppointmentCardView.swift */,
				D495F9772CB83B400034B229 /* LabelAndTextFieldView.swift */,
			);
			path = Components;
			sourceTree = "<group>";
		};
		484BEEFA2AB0F5680033C07A /* Models */ = {
			isa = PBXGroup;
			children = (
				484BEEFC2AB0F5750033C07A /* Specialist.swift */,
				D495F9692CB47FA80034B229 /* ScheduleAppointment.swift */,
				D495F96D2CB5AC010034B229 /* Appointment.swift */,
				D48904642CB86756008EDE6F /* Patient.swift */,
				D48904662CB96022008EDE6F /* Login.swift */,
			);
			path = Models;
			sourceTree = "<group>";
		};
		484BEEFB2AB0F56C0033C07A /* Services */ = {
			isa = PBXGroup;
			children = (
				484BEEFE2AB0F59D0033C07A /* WebService.swift */,
			);
			path = Services;
			sourceTree = "<group>";
		};
		48539DE02AB0F47C005BD7C9 = {
			isa = PBXGroup;
			children = (
				48539DEB2AB0F47C005BD7C9 /* Vollmed */,
				48539DEA2AB0F47C005BD7C9 /* Products */,
			);
			sourceTree = "<group>";
		};
		48539DEA2AB0F47C005BD7C9 /* Products */ = {
			isa = PBXGroup;
			children = (
				48539DE92AB0F47C005BD7C9 /* Vollmed.app */,
			);
			name = Products;
			sourceTree = "<group>";
		};
		48539DEB2AB0F47C005BD7C9 /* Vollmed */ = {
			isa = PBXGroup;
			children = (
				D4A266882CD1797E0075E9B9 /* Networking */,
				D446061C2CBEE00B00D87081 /* Managers */,
				D48904682CB99231008EDE6F /* Helpers */,
				D495F9642CB477420034B229 /* Extensions */,
				484BEEFB2AB0F56C0033C07A /* Services */,
				484BEEFA2AB0F5680033C07A /* Models */,
				D4A266852CC6C2D40075E9B9 /* ViewModels */,
				484BEEF82AB0F55F0033C07A /* Views */,
				48539DEC2AB0F47C005BD7C9 /* VollmedApp.swift */,
				48539DEE2AB0F47C005BD7C9 /* ContentView.swift */,
				48539DF02AB0F47D005BD7C9 /* Assets.xcassets */,
				48539DF22AB0F47D005BD7C9 /* Preview Content */,
			);
			path = Vollmed;
			sourceTree = "<group>";
		};
		48539DF22AB0F47D005BD7C9 /* Preview Content */ = {
			isa = PBXGroup;
			children = (
				48539DF32AB0F47D005BD7C9 /* Preview Assets.xcassets */,
			);
			path = "Preview Content";
			sourceTree = "<group>";
		};
		D446061C2CBEE00B00D87081 /* Managers */ = {
			isa = PBXGroup;
			children = (
				D446061D2CBEE01900D87081 /* AuthenticationManager.swift */,
			);
			path = Managers;
			sourceTree = "<group>";
		};
		D48904682CB99231008EDE6F /* Helpers */ = {
			isa = PBXGroup;
			children = (
				D48904692CB99242008EDE6F /* UserDefaultsHelper.swift */,
				D446061A2CBEAAC700D87081 /* KeychainHelper.swift */,
			);
			path = Helpers;
			sourceTree = "<group>";
		};
		D495F9642CB477420034B229 /* Extensions */ = {
			isa = PBXGroup;
			children = (
				D495F9652CB477550034B229 /* Date+.swift */,
				D495F9672CB47A150034B229 /* String+.swift */,
			);
			path = Extensions;
			sourceTree = "<group>";
		};
		D4A266852CC6C2D40075E9B9 /* ViewModels */ = {
			isa = PBXGroup;
			children = (
				D4A266862CC6C2E70075E9B9 /* HomeViewModel.swift */,
				D4A266962CD193B30075E9B9 /* ScheduleAppointmentViewModel.swift */,
				D482A1A02CE6785600FF09B0 /* SignInViewModel.swift */,
				D482A1A22CE699C300FF09B0 /* SignUpViewModel.swift */,
			);
			path = ViewModels;
			sourceTree = "<group>";
		};
		D4A266882CD1797E0075E9B9 /* Networking */ = {
			isa = PBXGroup;
			children = (
				D4A266892CD179970075E9B9 /* Base */,
				D4A2668A2CD1799C0075E9B9 /* Enpoints */,
				D4A2668B2CD179A60075E9B9 /* Services */,
			);
			path = Networking;
			sourceTree = "<group>";
		};
		D4A266892CD179970075E9B9 /* Base */ = {
			isa = PBXGroup;
			children = (
				D4A2668C2CD179FE0075E9B9 /* Enpoint.swift */,
				D4A2668E2CD17B880075E9B9 /* RequestMethod.swift */,
				D4A266902CD17CCA0075E9B9 /* RequestError.swift */,
				D4A266922CD17E4C0075E9B9 /* HttpClient.swift */,
			);
			path = Base;
			sourceTree = "<group>";
		};
		D4A2668A2CD1799C0075E9B9 /* Enpoints */ = {
			isa = PBXGroup;
			children = (
				D4A266942CD18CF10075E9B9 /* HomeEndpoint.swift */,
				D482A19C2CD9539100FF09B0 /* AutenticationEndpoint.swift */,
				D482A1A62CE6A05400FF09B0 /* SignUpEndpoint.swift */,
			);
			path = Enpoints;
			sourceTree = "<group>";
		};
		D4A2668B2CD179A60075E9B9 /* Services */ = {
			isa = PBXGroup;
			children = (
				D482A19A2CD94DDD00FF09B0 /* HomeNetworkingService.swift */,
				D482A19E2CD9572800FF09B0 /* AuthenticationNetworkingService.swift */,
				D482A1A42CE69FE700FF09B0 /* SignUpNetworkingService.swift */,
			);
			path = Services;
			sourceTree = "<group>";
		};
/* End PBXGroup section */

/* Begin PBXNativeTarget section */
		48539DE82AB0F47C005BD7C9 /* Vollmed */ = {
			isa = PBXNativeTarget;
			buildConfigurationList = 48539DF72AB0F47D005BD7C9 /* Build configuration list for PBXNativeTarget "Vollmed" */;
			buildPhases = (
				48539DE52AB0F47C005BD7C9 /* Sources */,
				48539DE62AB0F47C005BD7C9 /* Frameworks */,
				48539DE72AB0F47C005BD7C9 /* Resources */,
			);
			buildRules = (
			);
			dependencies = (
			);
			name = Vollmed;
			productName = Vollmed;
			productReference = 48539DE92AB0F47C005BD7C9 /* Vollmed.app */;
			productType = "com.apple.product-type.application";
		};
/* End PBXNativeTarget section */

/* Begin PBXProject section */
		48539DE12AB0F47C005BD7C9 /* Project object */ = {
			isa = PBXProject;
			attributes = {
				BuildIndependentTargetsInParallel = 1;
				LastSwiftUpdateCheck = 1500;
				LastUpgradeCheck = 1500;
				TargetAttributes = {
					48539DE82AB0F47C005BD7C9 = {
						CreatedOnToolsVersion = 15.0;
					};
				};
			};
			buildConfigurationList = 48539DE42AB0F47C005BD7C9 /* Build configuration list for PBXProject "Vollmed" */;
			compatibilityVersion = "Xcode 14.0";
			developmentRegion = en;
			hasScannedForEncodings = 0;
			knownRegions = (
				en,
				Base,
			);
			mainGroup = 48539DE02AB0F47C005BD7C9;
			productRefGroup = 48539DEA2AB0F47C005BD7C9 /* Products */;
			projectDirPath = "";
			projectRoot = "";
			targets = (
				48539DE82AB0F47C005BD7C9 /* Vollmed */,
			);
		};
/* End PBXProject section */

/* Begin PBXResourcesBuildPhase section */
		48539DE72AB0F47C005BD7C9 /* Resources */ = {
			isa = PBXResourcesBuildPhase;
			buildActionMask = 2147483647;
			files = (
				48539DF42AB0F47D005BD7C9 /* Preview Assets.xcassets in Resources */,
				48539DF12AB0F47D005BD7C9 /* Assets.xcassets in Resources */,
			);
			runOnlyForDeploymentPostprocessing = 0;
		};
/* End PBXResourcesBuildPhase section */

/* Begin PBXSourcesBuildPhase section */
		48539DE52AB0F47C005BD7C9 /* Sources */ = {
			isa = PBXSourcesBuildPhase;
			buildActionMask = 2147483647;
			files = (
				D4A2668F2CD17B880075E9B9 /* RequestMethod.swift in Sources */,
				D489046A2CB99242008EDE6F /* UserDefaultsHelper.swift in Sources */,
				D4A2668D2CD179FE0075E9B9 /* Enpoint.swift in Sources */,
				D495F96E2CB5AC010034B229 /* Appointment.swift in Sources */,
				D482A19F2CD9572800FF09B0 /* AuthenticationNetworkingService.swift in Sources */,
				D495F9662CB477550034B229 /* Date+.swift in Sources */,
				D495F96A2CB47FA80034B229 /* ScheduleAppointment.swift in Sources */,
				D495F9722CB5C1BD0034B229 /* CancelAppointmentView.swift in Sources */,
				D446061B2CBEAAC700D87081 /* KeychainHelper.swift in Sources */,
				D4A266912CD17CCA0075E9B9 /* RequestError.swift in Sources */,
				48539DEF2AB0F47C005BD7C9 /* ContentView.swift in Sources */,
				D495F9682CB47A150034B229 /* String+.swift in Sources */,
				484BEF052AB0F7970033C07A /* HomeView.swift in Sources */,
				484BEEFD2AB0F5750033C07A /* Specialist.swift in Sources */,
				484BEF012AB0F6090033C07A /* ButtonView.swift in Sources */,
				484BEF032AB0F7080033C07A /* SpecialistCardView.swift in Sources */,
				D482A19D2CD9539100FF09B0 /* AutenticationEndpoint.swift in Sources */,
				484BEEFF2AB0F59D0033C07A /* WebService.swift in Sources */,
				D48904672CB96022008EDE6F /* Login.swift in Sources */,
				48539DED2AB0F47C005BD7C9 /* VollmedApp.swift in Sources */,
				D4A266932CD17E4C0075E9B9 /* HttpClient.swift in Sources */,
				D495F9762CB6EBAA0034B229 /* SignUpView.swift in Sources */,
				D495F96C2CB56DF20034B229 /* MyAppointmentsView.swift in Sources */,
				D48904652CB86756008EDE6F /* Patient.swift in Sources */,
				D495F9702CB5AFB30034B229 /* MyAppointmentCardView.swift in Sources */,
				D4A266872CC6C2E70075E9B9 /* HomeViewModel.swift in Sources */,
				D482A1A12CE6785600FF09B0 /* SignInViewModel.swift in Sources */,
				D482A1A32CE699C300FF09B0 /* SignUpViewModel.swift in Sources */,
				D4A266952CD18CF10075E9B9 /* HomeEndpoint.swift in Sources */,
				D495F9632CB46A960034B229 /* ScheduleAppointmentView.swift in Sources */,
				D482A19B2CD94DDD00FF09B0 /* HomeNetworkingService.swift in Sources */,
				D482A1A52CE69FE700FF09B0 /* SignUpNetworkingService.swift in Sources */,
				D495F9742CB6E7220034B229 /* SignInView.swift in Sources */,
				D4A266972CD193B30075E9B9 /* ScheduleAppointmentViewModel.swift in Sources */,
				D482A1A72CE6A05400FF09B0 /* SignUpEndpoint.swift in Sources */,
				D446061E2CBEE01900D87081 /* AuthenticationManager.swift in Sources */,
				D495F9782CB83B400034B229 /* LabelAndTextFieldView.swift in Sources */,
			);
			runOnlyForDeploymentPostprocessing = 0;
		};
/* End PBXSourcesBuildPhase section */

/* Begin XCBuildConfiguration section */
		48539DF52AB0F47D005BD7C9 /* Debug */ = {
			isa = XCBuildConfiguration;
			buildSettings = {
				ALWAYS_SEARCH_USER_PATHS = NO;
				ASSETCATALOG_COMPILER_GENERATE_SWIFT_ASSET_SYMBOL_EXTENSIONS = YES;
				CLANG_ANALYZER_NONNULL = YES;
				CLANG_ANALYZER_NUMBER_OBJECT_CONVERSION = YES_AGGRESSIVE;
				CLANG_CXX_LANGUAGE_STANDARD = "gnu++20";
				CLANG_ENABLE_MODULES = YES;
				CLANG_ENABLE_OBJC_ARC = YES;
				CLANG_ENABLE_OBJC_WEAK = YES;
				CLANG_WARN_BLOCK_CAPTURE_AUTORELEASING = YES;
				CLANG_WARN_BOOL_CONVERSION = YES;
				CLANG_WARN_COMMA = YES;
				CLANG_WARN_CONSTANT_CONVERSION = YES;
				CLANG_WARN_DEPRECATED_OBJC_IMPLEMENTATIONS = YES;
				CLANG_WARN_DIRECT_OBJC_ISA_USAGE = YES_ERROR;
				CLANG_WARN_DOCUMENTATION_COMMENTS = YES;
				CLANG_WARN_EMPTY_BODY = YES;
				CLANG_WARN_ENUM_CONVERSION = YES;
				CLANG_WARN_INFINITE_RECURSION = YES;
				CLANG_WARN_INT_CONVERSION = YES;
				CLANG_WARN_NON_LITERAL_NULL_CONVERSION = YES;
				CLANG_WARN_OBJC_IMPLICIT_RETAIN_SELF = YES;
				CLANG_WARN_OBJC_LITERAL_CONVERSION = YES;
				CLANG_WARN_OBJC_ROOT_CLASS = YES_ERROR;
				CLANG_WARN_QUOTED_INCLUDE_IN_FRAMEWORK_HEADER = YES;
				CLANG_WARN_RANGE_LOOP_ANALYSIS = YES;
				CLANG_WARN_STRICT_PROTOTYPES = YES;
				CLANG_WARN_SUSPICIOUS_MOVE = YES;
				CLANG_WARN_UNGUARDED_AVAILABILITY = YES_AGGRESSIVE;
				CLANG_WARN_UNREACHABLE_CODE = YES;
				CLANG_WARN__DUPLICATE_METHOD_MATCH = YES;
				COPY_PHASE_STRIP = NO;
				DEBUG_INFORMATION_FORMAT = dwarf;
				ENABLE_STRICT_OBJC_MSGSEND = YES;
				ENABLE_TESTABILITY = YES;
				ENABLE_USER_SCRIPT_SANDBOXING = YES;
				GCC_C_LANGUAGE_STANDARD = gnu17;
				GCC_DYNAMIC_NO_PIC = NO;
				GCC_NO_COMMON_BLOCKS = YES;
				GCC_OPTIMIZATION_LEVEL = 0;
				GCC_PREPROCESSOR_DEFINITIONS = (
					"DEBUG=1",
					"$(inherited)",
				);
				GCC_WARN_64_TO_32_BIT_CONVERSION = YES;
				GCC_WARN_ABOUT_RETURN_TYPE = YES_ERROR;
				GCC_WARN_UNDECLARED_SELECTOR = YES;
				GCC_WARN_UNINITIALIZED_AUTOS = YES_AGGRESSIVE;
				GCC_WARN_UNUSED_FUNCTION = YES;
				GCC_WARN_UNUSED_VARIABLE = YES;
				IPHONEOS_DEPLOYMENT_TARGET = 17.0;
				LOCALIZATION_PREFERS_STRING_CATALOGS = YES;
				MTL_ENABLE_DEBUG_INFO = INCLUDE_SOURCE;
				MTL_FAST_MATH = YES;
				ONLY_ACTIVE_ARCH = YES;
				SDKROOT = iphoneos;
				SWIFT_ACTIVE_COMPILATION_CONDITIONS = "DEBUG $(inherited)";
				SWIFT_OPTIMIZATION_LEVEL = "-Onone";
			};
			name = Debug;
		};
		48539DF62AB0F47D005BD7C9 /* Release */ = {
			isa = XCBuildConfiguration;
			buildSettings = {
				ALWAYS_SEARCH_USER_PATHS = NO;
				ASSETCATALOG_COMPILER_GENERATE_SWIFT_ASSET_SYMBOL_EXTENSIONS = YES;
				CLANG_ANALYZER_NONNULL = YES;
				CLANG_ANALYZER_NUMBER_OBJECT_CONVERSION = YES_AGGRESSIVE;
				CLANG_CXX_LANGUAGE_STANDARD = "gnu++20";
				CLANG_ENABLE_MODULES = YES;
				CLANG_ENABLE_OBJC_ARC = YES;
				CLANG_ENABLE_OBJC_WEAK = YES;
				CLANG_WARN_BLOCK_CAPTURE_AUTORELEASING = YES;
				CLANG_WARN_BOOL_CONVERSION = YES;
				CLANG_WARN_COMMA = YES;
				CLANG_WARN_CONSTANT_CONVERSION = YES;
				CLANG_WARN_DEPRECATED_OBJC_IMPLEMENTATIONS = YES;
				CLANG_WARN_DIRECT_OBJC_ISA_USAGE = YES_ERROR;
				CLANG_WARN_DOCUMENTATION_COMMENTS = YES;
				CLANG_WARN_EMPTY_BODY = YES;
				CLANG_WARN_ENUM_CONVERSION = YES;
				CLANG_WARN_INFINITE_RECURSION = YES;
				CLANG_WARN_INT_CONVERSION = YES;
				CLANG_WARN_NON_LITERAL_NULL_CONVERSION = YES;
				CLANG_WARN_OBJC_IMPLICIT_RETAIN_SELF = YES;
				CLANG_WARN_OBJC_LITERAL_CONVERSION = YES;
				CLANG_WARN_OBJC_ROOT_CLASS = YES_ERROR;
				CLANG_WARN_QUOTED_INCLUDE_IN_FRAMEWORK_HEADER = YES;
				CLANG_WARN_RANGE_LOOP_ANALYSIS = YES;
				CLANG_WARN_STRICT_PROTOTYPES = YES;
				CLANG_WARN_SUSPICIOUS_MOVE = YES;
				CLANG_WARN_UNGUARDED_AVAILABILITY = YES_AGGRESSIVE;
				CLANG_WARN_UNREACHABLE_CODE = YES;
				CLANG_WARN__DUPLICATE_METHOD_MATCH = YES;
				COPY_PHASE_STRIP = NO;
				DEBUG_INFORMATION_FORMAT = "dwarf-with-dsym";
				ENABLE_NS_ASSERTIONS = NO;
				ENABLE_STRICT_OBJC_MSGSEND = YES;
				ENABLE_USER_SCRIPT_SANDBOXING = YES;
				GCC_C_LANGUAGE_STANDARD = gnu17;
				GCC_NO_COMMON_BLOCKS = YES;
				GCC_WARN_64_TO_32_BIT_CONVERSION = YES;
				GCC_WARN_ABOUT_RETURN_TYPE = YES_ERROR;
				GCC_WARN_UNDECLARED_SELECTOR = YES;
				GCC_WARN_UNINITIALIZED_AUTOS = YES_AGGRESSIVE;
				GCC_WARN_UNUSED_FUNCTION = YES;
				GCC_WARN_UNUSED_VARIABLE = YES;
				IPHONEOS_DEPLOYMENT_TARGET = 17.0;
				LOCALIZATION_PREFERS_STRING_CATALOGS = YES;
				MTL_ENABLE_DEBUG_INFO = NO;
				MTL_FAST_MATH = YES;
				SDKROOT = iphoneos;
				SWIFT_COMPILATION_MODE = wholemodule;
				VALIDATE_PRODUCT = YES;
			};
			name = Release;
		};
		48539DF82AB0F47D005BD7C9 /* Debug */ = {
			isa = XCBuildConfiguration;
			buildSettings = {
				ASSETCATALOG_COMPILER_APPICON_NAME = AppIcon;
				ASSETCATALOG_COMPILER_GLOBAL_ACCENT_COLOR_NAME = AccentColor;
				CODE_SIGN_STYLE = Automatic;
				CURRENT_PROJECT_VERSION = 1;
				DEVELOPMENT_ASSET_PATHS = "\"Vollmed/Preview Content\"";
				ENABLE_PREVIEWS = YES;
				GENERATE_INFOPLIST_FILE = YES;
				INFOPLIST_KEY_UIApplicationSceneManifest_Generation = YES;
				INFOPLIST_KEY_UIApplicationSupportsIndirectInputEvents = YES;
				INFOPLIST_KEY_UILaunchScreen_Generation = YES;
				INFOPLIST_KEY_UISupportedInterfaceOrientations_iPad = "UIInterfaceOrientationPortrait UIInterfaceOrientationPortraitUpsideDown UIInterfaceOrientationLandscapeLeft UIInterfaceOrientationLandscapeRight";
				INFOPLIST_KEY_UISupportedInterfaceOrientations_iPhone = "UIInterfaceOrientationPortrait UIInterfaceOrientationLandscapeLeft UIInterfaceOrientationLandscapeRight";
				LD_RUNPATH_SEARCH_PATHS = (
					"$(inherited)",
					"@executable_path/Frameworks",
				);
				MARKETING_VERSION = 1.0;
				PRODUCT_BUNDLE_IDENTIFIER = com.giovannamoeller.Vollmed;
				PRODUCT_NAME = "$(TARGET_NAME)";
				SWIFT_EMIT_LOC_STRINGS = YES;
				SWIFT_VERSION = 5.0;
				TARGETED_DEVICE_FAMILY = "1,2";
			};
			name = Debug;
		};
		48539DF92AB0F47D005BD7C9 /* Release */ = {
			isa = XCBuildConfiguration;
			buildSettings = {
				ASSETCATALOG_COMPILER_APPICON_NAME = AppIcon;
				ASSETCATALOG_COMPILER_GLOBAL_ACCENT_COLOR_NAME = AccentColor;
				CODE_SIGN_STYLE = Automatic;
				CURRENT_PROJECT_VERSION = 1;
				DEVELOPMENT_ASSET_PATHS = "\"Vollmed/Preview Content\"";
				ENABLE_PREVIEWS = YES;
				GENERATE_INFOPLIST_FILE = YES;
				INFOPLIST_KEY_UIApplicationSceneManifest_Generation = YES;
				INFOPLIST_KEY_UIApplicationSupportsIndirectInputEvents = YES;
				INFOPLIST_KEY_UILaunchScreen_Generation = YES;
				INFOPLIST_KEY_UISupportedInterfaceOrientations_iPad = "UIInterfaceOrientationPortrait UIInterfaceOrientationPortraitUpsideDown UIInterfaceOrientationLandscapeLeft UIInterfaceOrientationLandscapeRight";
				INFOPLIST_KEY_UISupportedInterfaceOrientations_iPhone = "UIInterfaceOrientationPortrait UIInterfaceOrientationLandscapeLeft UIInterfaceOrientationLandscapeRight";
				LD_RUNPATH_SEARCH_PATHS = (
					"$(inherited)",
					"@executable_path/Frameworks",
				);
				MARKETING_VERSION = 1.0;
				PRODUCT_BUNDLE_IDENTIFIER = com.giovannamoeller.Vollmed;
				PRODUCT_NAME = "$(TARGET_NAME)";
				SWIFT_EMIT_LOC_STRINGS = YES;
				SWIFT_VERSION = 5.0;
				TARGETED_DEVICE_FAMILY = "1,2";
			};
			name = Release;
		};
/* End XCBuildConfiguration section */

/* Begin XCConfigurationList section */
		48539DE42AB0F47C005BD7C9 /* Build configuration list for PBXProject "Vollmed" */ = {
			isa = XCConfigurationList;
			buildConfigurations = (
				48539DF52AB0F47D005BD7C9 /* Debug */,
				48539DF62AB0F47D005BD7C9 /* Release */,
			);
			defaultConfigurationIsVisible = 0;
			defaultConfigurationName = Release;
		};
		48539DF72AB0F47D005BD7C9 /* Build configuration list for PBXNativeTarget "Vollmed" */ = {
			isa = XCConfigurationList;
			buildConfigurations = (
				48539DF82AB0F47D005BD7C9 /* Debug */,
				48539DF92AB0F47D005BD7C9 /* Release */,
			);
			defaultConfigurationIsVisible = 0;
			defaultConfigurationName = Release;
		};
/* End XCConfigurationList section */
	};
	rootObject = 48539DE12AB0F47C005BD7C9 /* Project object */;
}
